
Microsoft Visual Studio Solution File, Format Version 12.00
# Visual Studio Version 17
VisualStudioVersion = 17.4.33403.182
MinimumVisualStudioVersion = 10.0.40219.1
Project("{9A19103F-16F7-4668-BE54-9A1E7A4F7556}") = "lab10lib_Shalnev", "lab10lib_Shalnev\lab10lib_Shalnev.csproj", "{21845842-06FA-4565-ABFF-014B6BC45348}"
EndProject
Project("{FAE04EC0-301F-11D3-BF4B-00C04F79EFBC}") = "lab_10_tests", "lab_10_tests\lab_10_tests.csproj", "{DBD0D658-FF69-4C93-84DD-E268407D62D7}"
EndProject
Global
	GlobalSection(SolutionConfigurationPlatforms) = preSolution
		Debug|Any CPU = Debug|Any CPU
		Release|Any CPU = Release|Any CPU
	EndGlobalSection
	GlobalSection(ProjectConfigurationPlatforms) = postSolution
		{21845842-06FA-4565-ABFF-014B6BC45348}.Debug|Any CPU.ActiveCfg = Debug|Any CPU
		{21845842-06FA-4565-ABFF-014B6BC45348}.Debug|Any CPU.Build.0 = Debug|Any CPU
		{21845842-06FA-4565-ABFF-014B6BC45348}.Release|Any CPU.ActiveCfg = Release|Any CPU
		{21845842-06FA-4565-ABFF-014B6BC45348}.Release|Any CPU.Build.0 = Release|Any CPU
		{DBD0D658-FF69-4C93-84DD-E268407D62D7}.Debug|Any CPU.ActiveCfg = Debug|Any CPU
		{DBD0D658-FF69-4C93-84DD-E268407D62D7}.Debug|Any CPU.Build.0 = Debug|Any CPU
		{DBD0D658-FF69-4C93-84DD-E268407D62D7}.Release|Any CPU.ActiveCfg = Release|Any CPU
		{DBD0D658-FF69-4C93-84DD-E268407D62D7}.Release|Any CPU.Build.0 = Release|Any CPU
	EndGlobalSection
	GlobalSection(SolutionProperties) = preSolution
		HideSolutionNode = FALSE
	EndGlobalSection
	GlobalSection(ExtensibilityGlobals) = postSolution
		SolutionGuid = {61B3A4FE-28F6-425B-9EDA-6832A20C935D}
	EndGlobalSection
EndGlobal
